speakeasyVersion: 1.299.4
sources:
    my-source:
        sourceNamespace: my-source
        sourceRevisionDigest: sha256:c4043948505556a02bb07a7518a741b141d844f5d961362bb7890786db48ead9
        sourceBlobDigest: sha256:e55987e4f0f660f6afe2a7540c3d139a60028646f50b9eff0be953cd6e4913bc
        tags:
            - latest
            - main
targets:
    my-first-target:
        source: my-source
        sourceNamespace: my-source
        sourceRevisionDigest: sha256:c4043948505556a02bb07a7518a741b141d844f5d961362bb7890786db48ead9
        sourceBlobDigest: sha256:e55987e4f0f660f6afe2a7540c3d139a60028646f50b9eff0be953cd6e4913bc
        outLocation: /github/workspace/repo
workflow:
    workflowVersion: 1.0.0
    speakeasyVersion: latest
    sources:
        my-source:
            inputs:
                - location: https://raw.githubusercontent.com/payfone/prove-openapi/main/orchestration.yaml
                  authHeader: Authorization
                  authSecret: $OPENAPI_DOC_AUTH_TOKEN
            registry:
                location: registry.speakeasyapi.dev/prove/prove-dev/my-source
    targets:
        my-first-target:
            target: go
            source: my-source
