speakeasyVersion: 1.299.4
sources:
    my-source:
        sourceNamespace: my-source
        sourceRevisionDigest: sha256:2601e4f42480e94d333f3b539bb601f7ccc3f6cd71a8037397435bc89dbacc7b
        sourceBlobDigest: sha256:7aea2293b2ca59c582e29a7f4182f3ea1a3c823eb8fab9fda09f6c70e6639860
        tags:
            - latest
targets:
    my-first-target:
        source: my-source
        sourceNamespace: my-source
        sourceRevisionDigest: sha256:2601e4f42480e94d333f3b539bb601f7ccc3f6cd71a8037397435bc89dbacc7b
        sourceBlobDigest: sha256:7aea2293b2ca59c582e29a7f4182f3ea1a3c823eb8fab9fda09f6c70e6639860
        outLocation: /Users/jspurrier/godev/proveauth/prove-sdk-server-go
workflow:
    workflowVersion: 1.0.0
    speakeasyVersion: latest
    sources:
        my-source:
            inputs:
                - location: https://raw.githubusercontent.com/payfone/prove-openapi/main/orchestration.yaml
                  authHeader: Authorization
                  authSecret: $OPENAPI_DOC_AUTH_TOKEN
            registry:
                location: registry.speakeasyapi.dev/prove/prove-dev/my-source
    targets:
        my-first-target:
            target: go
            source: my-source
