speakeasyVersion: 1.310.0
sources:
    my-source:
        sourceNamespace: my-source
        sourceRevisionDigest: sha256:99fb4cd980e1a4966f8023a711d510588c641139c05237440fbf240a8810b72a
        sourceBlobDigest: sha256:78e4c23fdb65b2d60ff3c481221ab74a88a82c22e8ed231733e01292925e0cbc
        tags:
            - latest
            - main
targets:
    my-first-target:
        source: my-source
        sourceNamespace: my-source
        sourceRevisionDigest: sha256:99fb4cd980e1a4966f8023a711d510588c641139c05237440fbf240a8810b72a
        sourceBlobDigest: sha256:78e4c23fdb65b2d60ff3c481221ab74a88a82c22e8ed231733e01292925e0cbc
        outLocation: /github/workspace/repo
workflow:
    workflowVersion: 1.0.0
    speakeasyVersion: latest
    sources:
        my-source:
            inputs:
                - location: https://raw.githubusercontent.com/payfone/prove-openapi/main/orchestration.yaml
                  authHeader: Authorization
                  authSecret: $OPENAPI_DOC_AUTH_TOKEN
            registry:
                location: registry.speakeasyapi.dev/prove/prove-dev/my-source
    targets:
        my-first-target:
            target: go
            source: my-source
